
Microsoft Visual Studio Solution File, Format Version 12.00
# Visual Studio Version 17
VisualStudioVersion = 17.13.35507.96
MinimumVisualStudioVersion = 10.0.40219.1
Project("{2150E333-8FDC-42A3-9474-1A3956D46DE8}") = "src", "src", "{02EA681E-C7D8-13C7-8484-4AC65E1B71E8}"
EndProject
Project("{2150E333-8FDC-42A3-9474-1A3956D46DE8}") = "API", "API", "{31A2DC19-8BB9-4333-8C90-79B15CF3482C}"
EndProject
Project("{2150E333-8FDC-42A3-9474-1A3956D46DE8}") = "Core", "Core", "{9A0476FE-A25D-4AF5-91A1-3AC78AE0EC24}"
EndProject
Project("{2150E333-8FDC-42A3-9474-1A3956D46DE8}") = "Infrastructure", "Infrastructure", "{4FEBDA14-16FF-46DE-930F-C622A3DDA49F}"
EndProject
Project("{FAE04EC0-301F-11D3-BF4B-00C04F79EFBC}") = "Branef.api", "Branef.api\Branef.api.csproj", "{62C5F82C-4C00-4207-A35F-3C68FE502862}"
EndProject
Project("{FAE04EC0-301F-11D3-BF4B-00C04F79EFBC}") = "Branef.Application", "Branef.Application\Branef.Application.csproj", "{BA7868AC-5BA2-4C3B-8AF1-AB1C37C4CC2F}"
EndProject
Project("{FAE04EC0-301F-11D3-BF4B-00C04F79EFBC}") = "Branef.Domain", "Branef.Domain\Branef.Domain.csproj", "{B124208D-040A-4625-BFF1-A02D1D16E5A9}"
EndProject
Project("{FAE04EC0-301F-11D3-BF4B-00C04F79EFBC}") = "Branef.Infrastructure", "Branef.Infrastructure\Branef.Infrastructure.csproj", "{1CE38C9D-0F2E-4A18-A5D2-EF0502355BEE}"
EndProject
Project("{2150E333-8FDC-42A3-9474-1A3956D46DE8}") = "Worker", "Worker", "{02EA681E-C7D8-13C7-8484-4AC65E1B71E8}"
EndProject
Project("{FAE04EC0-301F-11D3-BF4B-00C04F79EFBC}") = "Branef.Worker", "Branef.Worker\Branef.Worker.csproj", "{92F4B269-4980-4405-8B05-80CE19F5974C}"
EndProject
Global
	GlobalSection(SolutionConfigurationPlatforms) = preSolution
		Debug|Any CPU = Debug|Any CPU
		Release|Any CPU = Release|Any CPU
	EndGlobalSection
	GlobalSection(ProjectConfigurationPlatforms) = postSolution
		{62C5F82C-4C00-4207-A35F-3C68FE502862}.Debug|Any CPU.ActiveCfg = Debug|Any CPU
		{62C5F82C-4C00-4207-A35F-3C68FE502862}.Debug|Any CPU.Build.0 = Debug|Any CPU
		{62C5F82C-4C00-4207-A35F-3C68FE502862}.Release|Any CPU.ActiveCfg = Release|Any CPU
		{62C5F82C-4C00-4207-A35F-3C68FE502862}.Release|Any CPU.Build.0 = Release|Any CPU
		{BA7868AC-5BA2-4C3B-8AF1-AB1C37C4CC2F}.Debug|Any CPU.ActiveCfg = Debug|Any CPU
		{BA7868AC-5BA2-4C3B-8AF1-AB1C37C4CC2F}.Debug|Any CPU.Build.0 = Debug|Any CPU
		{BA7868AC-5BA2-4C3B-8AF1-AB1C37C4CC2F}.Release|Any CPU.ActiveCfg = Release|Any CPU
		{BA7868AC-5BA2-4C3B-8AF1-AB1C37C4CC2F}.Release|Any CPU.Build.0 = Release|Any CPU
		{B124208D-040A-4625-BFF1-A02D1D16E5A9}.Debug|Any CPU.ActiveCfg = Debug|Any CPU
		{B124208D-040A-4625-BFF1-A02D1D16E5A9}.Debug|Any CPU.Build.0 = Debug|Any CPU
		{B124208D-040A-4625-BFF1-A02D1D16E5A9}.Release|Any CPU.ActiveCfg = Release|Any CPU
		{B124208D-040A-4625-BFF1-A02D1D16E5A9}.Release|Any CPU.Build.0 = Release|Any CPU
		{1CE38C9D-0F2E-4A18-A5D2-EF0502355BEE}.Debug|Any CPU.ActiveCfg = Debug|Any CPU
		{1CE38C9D-0F2E-4A18-A5D2-EF0502355BEE}.Debug|Any CPU.Build.0 = Debug|Any CPU
		{1CE38C9D-0F2E-4A18-A5D2-EF0502355BEE}.Release|Any CPU.ActiveCfg = Release|Any CPU
		{1CE38C9D-0F2E-4A18-A5D2-EF0502355BEE}.Release|Any CPU.Build.0 = Release|Any CPU
		{92F4B269-4980-4405-8B05-80CE19F5974C}.Debug|Any CPU.ActiveCfg = Debug|Any CPU
		{92F4B269-4980-4405-8B05-80CE19F5974C}.Debug|Any CPU.Build.0 = Debug|Any CPU
		{92F4B269-4980-4405-8B05-80CE19F5974C}.Release|Any CPU.ActiveCfg = Release|Any CPU
		{92F4B269-4980-4405-8B05-80CE19F5974C}.Release|Any CPU.Build.0 = Release|Any CPU
	EndGlobalSection
	GlobalSection(SolutionProperties) = preSolution
		HideSolutionNode = FALSE
	EndGlobalSection
	GlobalSection(NestedProjects) = preSolution
		{31A2DC19-8BB9-4333-8C90-79B15CF3482C} = {02EA681E-C7D8-13C7-8484-4AC65E1B71E8}
		{9A0476FE-A25D-4AF5-91A1-3AC78AE0EC24} = {02EA681E-C7D8-13C7-8484-4AC65E1B71E8}
		{4FEBDA14-16FF-46DE-930F-C622A3DDA49F} = {02EA681E-C7D8-13C7-8484-4AC65E1B71E8}
		{62C5F82C-4C00-4207-A35F-3C68FE502862} = {31A2DC19-8BB9-4333-8C90-79B15CF3482C}
		{BA7868AC-5BA2-4C3B-8AF1-AB1C37C4CC2F} = {9A0476FE-A25D-4AF5-91A1-3AC78AE0EC24}
		{B124208D-040A-4625-BFF1-A02D1D16E5A9} = {9A0476FE-A25D-4AF5-91A1-3AC78AE0EC24}
		{1CE38C9D-0F2E-4A18-A5D2-EF0502355BEE} = {4FEBDA14-16FF-46DE-930F-C622A3DDA49F}
		{02EA681E-C7D8-13C7-8484-4AC65E1B71E8} = {02EA681E-C7D8-13C7-8484-4AC65E1B71E8}
		{92F4B269-4980-4405-8B05-80CE19F5974C} = {02EA681E-C7D8-13C7-8484-4AC65E1B71E8}
	EndGlobalSection
	GlobalSection(ExtensibilityGlobals) = postSolution
		SolutionGuid = {D31B7E22-4270-4EB5-AFEC-BB7A7E5CF5E6}
	EndGlobalSection
EndGlobal
